
Microsoft Visual Studio Solution File, Format Version 12.00
Project("{FAE04EC0-301F-11D3-BF4B-00C04F79EFBC}") = "EmployeeService.Api", "EmployeeService.Api\EmployeeService.Api.csproj", "{E4DA944C-4291-4F37-A606-51BC113CEE03}"
EndProject
Project("{FAE04EC0-301F-11D3-BF4B-00C04F79EFBC}") = "EmployeeService.Domain", "EmployeeService.Domain\EmployeeService.Domain.csproj", "{390FFED7-6B76-4676-B425-320F052F22F1}"
EndProject
Project("{FAE04EC0-301F-11D3-BF4B-00C04F79EFBC}") = "EmployeeService.Application", "EmployeeService.Application\EmployeeService.Application.csproj", "{2C0478CB-C723-4949-89E0-3AFA22C3E235}"
EndProject
Project("{FAE04EC0-301F-11D3-BF4B-00C04F79EFBC}") = "EmployeeService.Infrastructure", "EmployeeService.Infrastructure\EmployeeService.Infrastructure.csproj", "{4B28261C-1458-466F-9A9E-E8779815ADCC}"
EndProject
Global
	GlobalSection(SolutionConfigurationPlatforms) = preSolution
		Debug|Any CPU = Debug|Any CPU
		Release|Any CPU = Release|Any CPU
	EndGlobalSection
	GlobalSection(ProjectConfigurationPlatforms) = postSolution
		{E4DA944C-4291-4F37-A606-51BC113CEE03}.Debug|Any CPU.ActiveCfg = Debug|Any CPU
		{E4DA944C-4291-4F37-A606-51BC113CEE03}.Debug|Any CPU.Build.0 = Debug|Any CPU
		{E4DA944C-4291-4F37-A606-51BC113CEE03}.Release|Any CPU.ActiveCfg = Release|Any CPU
		{E4DA944C-4291-4F37-A606-51BC113CEE03}.Release|Any CPU.Build.0 = Release|Any CPU
		{390FFED7-6B76-4676-B425-320F052F22F1}.Debug|Any CPU.ActiveCfg = Debug|Any CPU
		{390FFED7-6B76-4676-B425-320F052F22F1}.Debug|Any CPU.Build.0 = Debug|Any CPU
		{390FFED7-6B76-4676-B425-320F052F22F1}.Release|Any CPU.ActiveCfg = Release|Any CPU
		{390FFED7-6B76-4676-B425-320F052F22F1}.Release|Any CPU.Build.0 = Release|Any CPU
		{2C0478CB-C723-4949-89E0-3AFA22C3E235}.Debug|Any CPU.ActiveCfg = Debug|Any CPU
		{2C0478CB-C723-4949-89E0-3AFA22C3E235}.Debug|Any CPU.Build.0 = Debug|Any CPU
		{2C0478CB-C723-4949-89E0-3AFA22C3E235}.Release|Any CPU.ActiveCfg = Release|Any CPU
		{2C0478CB-C723-4949-89E0-3AFA22C3E235}.Release|Any CPU.Build.0 = Release|Any CPU
		{4B28261C-1458-466F-9A9E-E8779815ADCC}.Debug|Any CPU.ActiveCfg = Debug|Any CPU
		{4B28261C-1458-466F-9A9E-E8779815ADCC}.Debug|Any CPU.Build.0 = Debug|Any CPU
		{4B28261C-1458-466F-9A9E-E8779815ADCC}.Release|Any CPU.ActiveCfg = Release|Any CPU
		{4B28261C-1458-466F-9A9E-E8779815ADCC}.Release|Any CPU.Build.0 = Release|Any CPU
	EndGlobalSection
EndGlobal
